<?xml version="1.0" encoding="utf-8"?>
<Project ToolsVersion="4.0" xmlns="http://schemas.microsoft.com/developer/msbuild/2003">
  <ItemGroup>
    <Filter Include="Source Files">
      <UniqueIdentifier>{4FC737F1-C7A5-4376-A066-2A32D752A2FF}</UniqueIdentifier>
      <Extensions>cpp;c;cc;cxx;c++;cppm;ixx;def;odl;idl;hpj;bat;asm;asmx</Extensions>
    </Filter>
    <Filter Include="Header Files">
      <UniqueIdentifier>{93995380-89BD-4b04-88EB-625FBE52EBFB}</UniqueIdentifier>
      <Extensions>h;hh;hpp;hxx;h++;hm;inl;inc;ipp;xsd</Extensions>
    </Filter>
    <Filter Include="Resource Files">
      <UniqueIdentifier>{67DA6AB6-F800-4c08-8B7A-83BB121AAD01}</UniqueIdentifier>
      <Extensions>rc;ico;cur;bmp;dlg;rc2;rct;bin;rgs;gif;jpg;jpeg;jpe;resx;tiff;tif;png;wav;mfcribbon-ms</Extensions>
    </Filter>
    <Filter Include="Header Files\Enemy">
      <UniqueIdentifier>{f12b6be9-ff5a-4016-a430-5e23571eb6b1}</UniqueIdentifier>
    </Filter>
    <Filter Include="Header Files\Objects">
      <UniqueIdentifier>{18a0caf2-054e-48f6-be18-005e0d67646c}</UniqueIdentifier>
    </Filter>
    <Filter Include="Header Files\Player">
      <UniqueIdentifier>{7aeb77e0-35de-4f90-9d02-60480baeb74d}</UniqueIdentifier>
    </Filter>
    <Filter Include="Header Files\Projectile">
      <UniqueIdentifier>{c9b80751-510b-4d7a-93ad-3796f47d062f}</UniqueIdentifier>
    </Filter>
    <Filter Include="Source Files\Enemy">
      <UniqueIdentifier>{62dc58ef-dfc8-458c-b244-99d4737c78dc}</UniqueIdentifier>
    </Filter>
    <Filter Include="Source Files\Projectile">
      <UniqueIdentifier>{e81db684-e168-4bbf-b02e-87ceef8a0398}</UniqueIdentifier>
    </Filter>
    <Filter Include="Source Files\Player">
      <UniqueIdentifier>{83518527-ce58-4bb8-9439-bc7fa41c0a9a}</UniqueIdentifier>
    </Filter>
    <Filter Include="Source Files\Objects">
      <UniqueIdentifier>{ff677f09-beb8-414d-af50-618acd62a1a5}</UniqueIdentifier>
    </Filter>
    <Filter Include="Header Files\Juice">
      <UniqueIdentifier>{8fdd6395-ebfd-4179-827a-7d972f57764a}</UniqueIdentifier>
    </Filter>
    <Filter Include="Source Files\Juice">
      <UniqueIdentifier>{e2f98d37-4573-4b2f-a333-0f0015cdd6bc}</UniqueIdentifier>
    </Filter>
    <Filter Include="Header Files\SceneManagement">
      <UniqueIdentifier>{34f6d581-b113-473d-bd69-ecf90997f3fc}</UniqueIdentifier>
    </Filter>
    <Filter Include="Source Files\SceneManagement">
      <UniqueIdentifier>{1d57a53c-ebff-4f5f-b8d5-6950527deada}</UniqueIdentifier>
    </Filter>
    <Filter Include="Header Files\Statics">
      <UniqueIdentifier>{6daecb34-92f4-45bc-865a-961582aac53c}</UniqueIdentifier>
    </Filter>
    <Filter Include="Header Files\Loaders">
      <UniqueIdentifier>{a9dcac66-2ed1-4ede-98aa-9933c1117a3c}</UniqueIdentifier>
    </Filter>
    <Filter Include="Header Files\Components">
      <UniqueIdentifier>{34d8d915-28f5-4d91-b231-cb74ce900f33}</UniqueIdentifier>
    </Filter>
    <Filter Include="Source Files\Components">
      <UniqueIdentifier>{e21dd645-2839-4d4b-a2ff-67ae79301a5b}</UniqueIdentifier>
    </Filter>
    <Filter Include="Source Files\Statics">
      <UniqueIdentifier>{72454fda-7396-458e-99a7-1f95386b5066}</UniqueIdentifier>
    </Filter>
    <Filter Include="Source Files\Loaders">
      <UniqueIdentifier>{e62abf3d-f1a2-471b-a9ef-90cf7e901ca4}</UniqueIdentifier>
    </Filter>
  </ItemGroup>
  <ItemGroup>
    <ClCompile Include="Main.cpp">
      <Filter>Source Files</Filter>
    </ClCompile>
    <ClCompile Include="Enemy.cpp">
      <Filter>Source Files\Enemy</Filter>
    </ClCompile>
    <ClCompile Include="EnemyManager.cpp">
      <Filter>Source Files\Enemy</Filter>
    </ClCompile>
    <ClCompile Include="GameScene.cpp">
      <Filter>Source Files\SceneManagement</Filter>
    </ClCompile>
    <ClCompile Include="LevelLoader.cpp">
      <Filter>Source Files\SceneManagement</Filter>
    </ClCompile>
    <ClCompile Include="Obstacle.cpp">
      <Filter>Source Files\Objects</Filter>
    </ClCompile>
    <ClCompile Include="ObjectManager.cpp">
      <Filter>Source Files\Objects</Filter>
    </ClCompile>
    <ClCompile Include="Player.cpp">
      <Filter>Source Files\Player</Filter>
    </ClCompile>
    <ClCompile Include="PlayerManager.cpp">
      <Filter>Source Files\Player</Filter>
    </ClCompile>
    <ClCompile Include="Projectile.cpp">
      <Filter>Source Files\Projectile</Filter>
    </ClCompile>
    <ClCompile Include="ProjectileManager.cpp">
      <Filter>Source Files\Projectile</Filter>
    </ClCompile>
    <ClCompile Include="GUI.cpp">
      <Filter>Source Files\Juice</Filter>
    </ClCompile>
    <ClCompile Include="VFX.cpp">
      <Filter>Source Files\Juice</Filter>
    </ClCompile>
    <ClCompile Include="MenuScene.cpp">
      <Filter>Source Files\SceneManagement</Filter>
    </ClCompile>
    <ClCompile Include="Button.cpp">
      <Filter>Source Files\Components</Filter>
    </ClCompile>
    <ClCompile Include="Animator.cpp">
      <Filter>Source Files\Components</Filter>
    </ClCompile>
    <ClCompile Include="Statics.cpp">
      <Filter>Source Files\Statics</Filter>
    </ClCompile>
    <ClCompile Include="TextureLoader.cpp">
      <Filter>Source Files\Loaders</Filter>
    </ClCompile>
    <ClCompile Include="CharacterSelectScene.cpp">
      <Filter>Source Files\SceneManagement</Filter>
    </ClCompile>
    <ClCompile Include="BoxCollider.cpp">
      <Filter>Source Files\Components</Filter>
    </ClCompile>
    <ClCompile Include="Pickup.cpp">
      <Filter>Source Files</Filter>
    </ClCompile>
    <ClCompile Include="AudioManager.cpp">
      <Filter>Source Files\Juice</Filter>
    </ClCompile>
  </ItemGroup>
  <ItemGroup>
    <ClInclude Include="EnemyManager.h">
      <Filter>Header Files\Enemy</Filter>
    </ClInclude>
    <ClInclude Include="Enemy.h">
      <Filter>Header Files\Enemy</Filter>
    </ClInclude>
    <ClInclude Include="GameScene.h">
      <Filter>Header Files\SceneManagement</Filter>
    </ClInclude>
    <ClInclude Include="Level.h">
      <Filter>Header Files\SceneManagement</Filter>
    </ClInclude>
    <ClInclude Include="LevelLoader.h">
      <Filter>Header Files\SceneManagement</Filter>
    </ClInclude>
    <ClInclude Include="ObjectManager.h">
      <Filter>Header Files\Objects</Filter>
    </ClInclude>
    <ClInclude Include="Obstacle.h">
      <Filter>Header Files\Objects</Filter>
    </ClInclude>
    <ClInclude Include="Player.h">
      <Filter>Header Files\Player</Filter>
    </ClInclude>
    <ClInclude Include="PlayerManager.h">
      <Filter>Header Files\Player</Filter>
    </ClInclude>
    <ClInclude Include="Projectile.h">
      <Filter>Header Files\Projectile</Filter>
    </ClInclude>
    <ClInclude Include="ProjectileManager.h">
      <Filter>Header Files\Projectile</Filter>
    </ClInclude>
    <ClInclude Include="VFX.h">
      <Filter>Header Files\Juice</Filter>
    </ClInclude>
    <ClInclude Include="GUI.h">
      <Filter>Header Files\Juice</Filter>
    </ClInclude>
    <ClInclude Include="MenuScene.h">
      <Filter>Header Files\SceneManagement</Filter>
    </ClInclude>
    <ClInclude Include="Helper.h">
      <Filter>Header Files\Statics</Filter>
    </ClInclude>
    <ClInclude Include="Statics.h">
      <Filter>Header Files\Statics</Filter>
    </ClInclude>
    <ClInclude Include="Math.h">
      <Filter>Header Files\Statics</Filter>
    </ClInclude>
    <ClInclude Include="TextureLoader.h">
      <Filter>Header Files\Loaders</Filter>
    </ClInclude>
    <ClInclude Include="Animator.h">
      <Filter>Header Files\Components</Filter>
    </ClInclude>
    <ClInclude Include="Button.h">
      <Filter>Header Files\Components</Filter>
    </ClInclude>
    <ClInclude Include="CharacterSelectScene.h">
      <Filter>Header Files\SceneManagement</Filter>
    </ClInclude>
    <ClInclude Include="BoxCollider.h">
      <Filter>Header Files\Components</Filter>
    </ClInclude>
    <ClInclude Include="Pickup.h">
      <Filter>Header Files</Filter>
    </ClInclude>
    <ClInclude Include="AudioManager.h">
      <Filter>Header Files\Juice</Filter>
    </ClInclude>
  </ItemGroup>
</Project>